// !$*UTF8*$!
{
	archiveVersion = 1;
	classes = {
	};
	objectVersion = 50;
	objects = {

/* Begin PBXBuildFile section */
		FB44F632271EDE01000BB93B /* GalleryViewController.swift in Sources */ = {isa = PBXBuildFile; fileRef = FB44F631271EDE01000BB93B /* GalleryViewController.swift */; };
		FB44F6482722DF57000BB93B /* CustomTableViewCell.swift in Sources */ = {isa = PBXBuildFile; fileRef = FB44F6462722DF57000BB93B /* CustomTableViewCell.swift */; };
		FB44F6492722DF57000BB93B /* CustomTableViewCell.xib in Resources */ = {isa = PBXBuildFile; fileRef = FB44F6472722DF57000BB93B /* CustomTableViewCell.xib */; };
		FB44F64C27245AD5000BB93B /* AllGroupsViewController.swift in Sources */ = {isa = PBXBuildFile; fileRef = FB44F64B27245AD5000BB93B /* AllGroupsViewController.swift */; };
		FB44F64F2726D140000BB93B /* GalleryCollectionViewCell.swift in Sources */ = {isa = PBXBuildFile; fileRef = FB44F64D2726D140000BB93B /* GalleryCollectionViewCell.swift */; };
		FB44F6502726D140000BB93B /* GalleryCollectionViewCell.xib in Resources */ = {isa = PBXBuildFile; fileRef = FB44F64E2726D140000BB93B /* GalleryCollectionViewCell.xib */; };
		FB5E830826F4B27A000DFC8B /* MyGroupsViewController.swift in Sources */ = {isa = PBXBuildFile; fileRef = FB5E830726F4B27A000DFC8B /* MyGroupsViewController.swift */; };
		FB63FD55274951900061002F /* AnimationOpen.swift in Sources */ = {isa = PBXBuildFile; fileRef = FB63FD54274951900061002F /* AnimationOpen.swift */; };
		FB6DC9E326F2081600AAD56D /* FriendsViewController.swift in Sources */ = {isa = PBXBuildFile; fileRef = FB6DC9E226F2081600AAD56D /* FriendsViewController.swift */; };
		FB6E0A87272AE05C00691A08 /* FriendsViewController+TableViewDelegate.swift in Sources */ = {isa = PBXBuildFile; fileRef = FB6E0A86272AE05C00691A08 /* FriendsViewController+TableViewDelegate.swift */; };
		FB6E0A89272AE07700691A08 /* FriendsViewController+TableViewDataSource.swift in Sources */ = {isa = PBXBuildFile; fileRef = FB6E0A88272AE07700691A08 /* FriendsViewController+TableViewDataSource.swift */; };
		FB6E0A8B272AE0A700691A08 /* FriendsViewController+FillData.swift in Sources */ = {isa = PBXBuildFile; fileRef = FB6E0A8A272AE0A700691A08 /* FriendsViewController+FillData.swift */; };
		FB6E0A8E272AE38C00691A08 /* FriendsViewController+UISearchBarDelegate.swift in Sources */ = {isa = PBXBuildFile; fileRef = FB6E0A8D272AE38C00691A08 /* FriendsViewController+UISearchBarDelegate.swift */; };
		FB6E5A4926E77DB9001B0FF3 /* LoginViewController.swift in Sources */ = {isa = PBXBuildFile; fileRef = FB6E5A4826E77DB9001B0FF3 /* LoginViewController.swift */; };
		FB6FD113274CF17A0044DE40 /* Session.swift in Sources */ = {isa = PBXBuildFile; fileRef = FB6FD112274CF17A0044DE40 /* Session.swift */; };
		FB733BCA26D3BCC700193017 /* AppDelegate.swift in Sources */ = {isa = PBXBuildFile; fileRef = FB733BC926D3BCC700193017 /* AppDelegate.swift */; };
		FB733BCC26D3BCC700193017 /* SceneDelegate.swift in Sources */ = {isa = PBXBuildFile; fileRef = FB733BCB26D3BCC700193017 /* SceneDelegate.swift */; };
		FB733BD126D3BCC700193017 /* Main.storyboard in Resources */ = {isa = PBXBuildFile; fileRef = FB733BCF26D3BCC700193017 /* Main.storyboard */; };
		FB733BD326D3BCC800193017 /* Assets.xcassets in Resources */ = {isa = PBXBuildFile; fileRef = FB733BD226D3BCC800193017 /* Assets.xcassets */; };
		FB733BD626D3BCC800193017 /* LaunchScreen.storyboard in Resources */ = {isa = PBXBuildFile; fileRef = FB733BD426D3BCC800193017 /* LaunchScreen.storyboard */; };
		FB737C66275109AB0078EB0C /* NetworkManager.swift in Sources */ = {isa = PBXBuildFile; fileRef = FB737C65275109AB0078EB0C /* NetworkManager.swift */; };
		FB737C6827527C630078EB0C /* User.swift in Sources */ = {isa = PBXBuildFile; fileRef = FB737C6727527C630078EB0C /* User.swift */; };
		FB737C6A27527C9E0078EB0C /* FriendsResponse.swift in Sources */ = {isa = PBXBuildFile; fileRef = FB737C6927527C9E0078EB0C /* FriendsResponse.swift */; };
		FB737C6C27527E3D0078EB0C /* FriendsResponseParent.swift in Sources */ = {isa = PBXBuildFile; fileRef = FB737C6B27527E3D0078EB0C /* FriendsResponseParent.swift */; };
		FB737C6E275280110078EB0C /* Photo.swift in Sources */ = {isa = PBXBuildFile; fileRef = FB737C6D275280110078EB0C /* Photo.swift */; };
		FB737C702752839E0078EB0C /* PhotosResponse.swift in Sources */ = {isa = PBXBuildFile; fileRef = FB737C6F2752839E0078EB0C /* PhotosResponse.swift */; };
		FB737C72275283AE0078EB0C /* PhotosResponseParent.swift in Sources */ = {isa = PBXBuildFile; fileRef = FB737C71275283AE0078EB0C /* PhotosResponseParent.swift */; };
		FB737C74275285750078EB0C /* PhotoSize.swift in Sources */ = {isa = PBXBuildFile; fileRef = FB737C73275285750078EB0C /* PhotoSize.swift */; };
		FB737C792752869F0078EB0C /* Group.swift in Sources */ = {isa = PBXBuildFile; fileRef = FB737C782752869F0078EB0C /* Group.swift */; };
		FB737C7B275286BF0078EB0C /* GroupResponse.swift in Sources */ = {isa = PBXBuildFile; fileRef = FB737C7A275286BF0078EB0C /* GroupResponse.swift */; };
		FB737C7D275286CC0078EB0C /* GroupResponseParent.swift in Sources */ = {isa = PBXBuildFile; fileRef = FB737C7C275286CC0078EB0C /* GroupResponseParent.swift */; };
		FBA90A5C273EC36400FF4F33 /* GalleryHorisontalView.xib in Resources */ = {isa = PBXBuildFile; fileRef = FBA90A5A273EC36300FF4F33 /* GalleryHorisontalView.xib */; };
		FBA90A5D273EC36400FF4F33 /* GalleryHorisontalView.swift in Sources */ = {isa = PBXBuildFile; fileRef = FBA90A5B273EC36400FF4F33 /* GalleryHorisontalView.swift */; };
		FBA90A5F273EC6F700FF4F33 /* GalleryViewController+FullScreenView.swift in Sources */ = {isa = PBXBuildFile; fileRef = FBA90A5E273EC6F600FF4F33 /* GalleryViewController+FullScreenView.swift */; };
/* End PBXBuildFile section */

/* Begin PBXFileReference section */
		FB44F631271EDE01000BB93B /* GalleryViewController.swift */ = {isa = PBXFileReference; lastKnownFileType = sourcecode.swift; path = GalleryViewController.swift; sourceTree = "<group>"; };
		FB44F6462722DF57000BB93B /* CustomTableViewCell.swift */ = {isa = PBXFileReference; lastKnownFileType = sourcecode.swift; path = CustomTableViewCell.swift; sourceTree = "<group>"; };
		FB44F6472722DF57000BB93B /* CustomTableViewCell.xib */ = {isa = PBXFileReference; lastKnownFileType = file.xib; path = CustomTableViewCell.xib; sourceTree = "<group>"; };
		FB44F64B27245AD5000BB93B /* AllGroupsViewController.swift */ = {isa = PBXFileReference; lastKnownFileType = sourcecode.swift; path = AllGroupsViewController.swift; sourceTree = "<group>"; };
		FB44F64D2726D140000BB93B /* GalleryCollectionViewCell.swift */ = {isa = PBXFileReference; lastKnownFileType = sourcecode.swift; path = GalleryCollectionViewCell.swift; sourceTree = "<group>"; };
		FB44F64E2726D140000BB93B /* GalleryCollectionViewCell.xib */ = {isa = PBXFileReference; lastKnownFileType = file.xib; path = GalleryCollectionViewCell.xib; sourceTree = "<group>"; };
		FB5E830726F4B27A000DFC8B /* MyGroupsViewController.swift */ = {isa = PBXFileReference; lastKnownFileType = sourcecode.swift; path = MyGroupsViewController.swift; sourceTree = "<group>"; };
		FB63FD54274951900061002F /* AnimationOpen.swift */ = {isa = PBXFileReference; lastKnownFileType = sourcecode.swift; path = AnimationOpen.swift; sourceTree = "<group>"; };
		FB6DC9E226F2081600AAD56D /* FriendsViewController.swift */ = {isa = PBXFileReference; lastKnownFileType = sourcecode.swift; path = FriendsViewController.swift; sourceTree = "<group>"; };
		FB6E0A86272AE05C00691A08 /* FriendsViewController+TableViewDelegate.swift */ = {isa = PBXFileReference; lastKnownFileType = sourcecode.swift; path = "FriendsViewController+TableViewDelegate.swift"; sourceTree = "<group>"; };
		FB6E0A88272AE07700691A08 /* FriendsViewController+TableViewDataSource.swift */ = {isa = PBXFileReference; lastKnownFileType = sourcecode.swift; path = "FriendsViewController+TableViewDataSource.swift"; sourceTree = "<group>"; };
		FB6E0A8A272AE0A700691A08 /* FriendsViewController+FillData.swift */ = {isa = PBXFileReference; lastKnownFileType = sourcecode.swift; path = "FriendsViewController+FillData.swift"; sourceTree = "<group>"; };
		FB6E0A8D272AE38C00691A08 /* FriendsViewController+UISearchBarDelegate.swift */ = {isa = PBXFileReference; lastKnownFileType = sourcecode.swift; path = "FriendsViewController+UISearchBarDelegate.swift"; sourceTree = "<group>"; };
		FB6E5A4826E77DB9001B0FF3 /* LoginViewController.swift */ = {isa = PBXFileReference; lastKnownFileType = sourcecode.swift; path = LoginViewController.swift; sourceTree = "<group>"; };
		FB6FD112274CF17A0044DE40 /* Session.swift */ = {isa = PBXFileReference; lastKnownFileType = sourcecode.swift; path = Session.swift; sourceTree = "<group>"; };
		FB733BC626D3BCC700193017 /* GB_VK.app */ = {isa = PBXFileReference; explicitFileType = wrapper.application; includeInIndex = 0; path = GB_VK.app; sourceTree = BUILT_PRODUCTS_DIR; };
		FB733BC926D3BCC700193017 /* AppDelegate.swift */ = {isa = PBXFileReference; lastKnownFileType = sourcecode.swift; path = AppDelegate.swift; sourceTree = "<group>"; };
		FB733BCB26D3BCC700193017 /* SceneDelegate.swift */ = {isa = PBXFileReference; lastKnownFileType = sourcecode.swift; path = SceneDelegate.swift; sourceTree = "<group>"; };
		FB733BD026D3BCC700193017 /* Base */ = {isa = PBXFileReference; lastKnownFileType = file.storyboard; name = Base; path = Base.lproj/Main.storyboard; sourceTree = "<group>"; };
		FB733BD226D3BCC800193017 /* Assets.xcassets */ = {isa = PBXFileReference; lastKnownFileType = folder.assetcatalog; path = Assets.xcassets; sourceTree = "<group>"; };
		FB733BD526D3BCC800193017 /* Base */ = {isa = PBXFileReference; lastKnownFileType = file.storyboard; name = Base; path = Base.lproj/LaunchScreen.storyboard; sourceTree = "<group>"; };
		FB733BD726D3BCC800193017 /* Info.plist */ = {isa = PBXFileReference; lastKnownFileType = text.plist.xml; path = Info.plist; sourceTree = "<group>"; };
		FB737C65275109AB0078EB0C /* NetworkManager.swift */ = {isa = PBXFileReference; lastKnownFileType = sourcecode.swift; path = NetworkManager.swift; sourceTree = "<group>"; };
		FB737C6727527C630078EB0C /* User.swift */ = {isa = PBXFileReference; lastKnownFileType = sourcecode.swift; path = User.swift; sourceTree = "<group>"; };
		FB737C6927527C9E0078EB0C /* FriendsResponse.swift */ = {isa = PBXFileReference; lastKnownFileType = sourcecode.swift; path = FriendsResponse.swift; sourceTree = "<group>"; };
		FB737C6B27527E3D0078EB0C /* FriendsResponseParent.swift */ = {isa = PBXFileReference; lastKnownFileType = sourcecode.swift; path = FriendsResponseParent.swift; sourceTree = "<group>"; };
		FB737C6D275280110078EB0C /* Photo.swift */ = {isa = PBXFileReference; lastKnownFileType = sourcecode.swift; path = Photo.swift; sourceTree = "<group>"; };
		FB737C6F2752839E0078EB0C /* PhotosResponse.swift */ = {isa = PBXFileReference; lastKnownFileType = sourcecode.swift; path = PhotosResponse.swift; sourceTree = "<group>"; };
		FB737C71275283AE0078EB0C /* PhotosResponseParent.swift */ = {isa = PBXFileReference; lastKnownFileType = sourcecode.swift; path = PhotosResponseParent.swift; sourceTree = "<group>"; };
		FB737C73275285750078EB0C /* PhotoSize.swift */ = {isa = PBXFileReference; lastKnownFileType = sourcecode.swift; path = PhotoSize.swift; sourceTree = "<group>"; };
		FB737C782752869F0078EB0C /* Group.swift */ = {isa = PBXFileReference; lastKnownFileType = sourcecode.swift; path = Group.swift; sourceTree = "<group>"; };
		FB737C7A275286BF0078EB0C /* GroupResponse.swift */ = {isa = PBXFileReference; lastKnownFileType = sourcecode.swift; path = GroupResponse.swift; sourceTree = "<group>"; };
		FB737C7C275286CC0078EB0C /* GroupResponseParent.swift */ = {isa = PBXFileReference; lastKnownFileType = sourcecode.swift; path = GroupResponseParent.swift; sourceTree = "<group>"; };
		FBA90A5A273EC36300FF4F33 /* GalleryHorisontalView.xib */ = {isa = PBXFileReference; fileEncoding = 4; lastKnownFileType = file.xib; path = GalleryHorisontalView.xib; sourceTree = "<group>"; };
		FBA90A5B273EC36400FF4F33 /* GalleryHorisontalView.swift */ = {isa = PBXFileReference; fileEncoding = 4; lastKnownFileType = sourcecode.swift; path = GalleryHorisontalView.swift; sourceTree = "<group>"; };
		FBA90A5E273EC6F600FF4F33 /* GalleryViewController+FullScreenView.swift */ = {isa = PBXFileReference; lastKnownFileType = sourcecode.swift; path = "GalleryViewController+FullScreenView.swift"; sourceTree = "<group>"; };
/* End PBXFileReference section */

/* Begin PBXFrameworksBuildPhase section */
		FB733BC326D3BCC700193017 /* Frameworks */ = {
			isa = PBXFrameworksBuildPhase;
			buildActionMask = 2147483647;
			files = (
			);
			runOnlyForDeploymentPostprocessing = 0;
		};
/* End PBXFrameworksBuildPhase section */

/* Begin PBXGroup section */
		FB44F63E2722DDCB000BB93B /* Model */ = {
			isa = PBXGroup;
			children = (
				FB737C77275286920078EB0C /* Group */,
				FB737C752752859D0078EB0C /* User */,
				FB737C76275285A80078EB0C /* Photo */,
			);
			path = Model;
			sourceTree = "<group>";
		};
		FB44F6432722DF26000BB93B /* Cells */ = {
			isa = PBXGroup;
			children = (
				FB44F6462722DF57000BB93B /* CustomTableViewCell.swift */,
				FB44F6472722DF57000BB93B /* CustomTableViewCell.xib */,
				FB44F64D2726D140000BB93B /* GalleryCollectionViewCell.swift */,
				FB44F64E2726D140000BB93B /* GalleryCollectionViewCell.xib */,
			);
			path = Cells;
			sourceTree = "<group>";
		};
		FB44F6512726D280000BB93B /* Controllers */ = {
			isa = PBXGroup;
			children = (
				FBA90A59273EC33300FF4F33 /* Gallery */,
				FB44F64B27245AD5000BB93B /* AllGroupsViewController.swift */,
				FB5E830726F4B27A000DFC8B /* MyGroupsViewController.swift */,
				FB6E0A8C272AE29600691A08 /* FriendsViewController */,
			);
			path = Controllers;
			sourceTree = "<group>";
		};
		FB6E0A8C272AE29600691A08 /* FriendsViewController */ = {
			isa = PBXGroup;
			children = (
				FB6DC9E226F2081600AAD56D /* FriendsViewController.swift */,
				FB6E0A86272AE05C00691A08 /* FriendsViewController+TableViewDelegate.swift */,
				FB6E0A88272AE07700691A08 /* FriendsViewController+TableViewDataSource.swift */,
				FB6E0A8A272AE0A700691A08 /* FriendsViewController+FillData.swift */,
				FB6E0A8D272AE38C00691A08 /* FriendsViewController+UISearchBarDelegate.swift */,
			);
			path = FriendsViewController;
			sourceTree = "<group>";
		};
		FB6E5A4626E77D8E001B0FF3 /* Presentation */ = {
			isa = PBXGroup;
			children = (
				FB44F6512726D280000BB93B /* Controllers */,
				FB6E5A4826E77DB9001B0FF3 /* LoginViewController.swift */,
				FB63FD54274951900061002F /* AnimationOpen.swift */,
				FB44F6432722DF26000BB93B /* Cells */,
			);
			path = Presentation;
			sourceTree = "<group>";
		};
		FB6FD111274CF1640044DE40 /* Session */ = {
			isa = PBXGroup;
			children = (
				FB6FD112274CF17A0044DE40 /* Session.swift */,
			);
			path = Session;
			sourceTree = "<group>";
		};
		FB733BBD26D3BCC600193017 = {
			isa = PBXGroup;
			children = (
				FB733BC826D3BCC700193017 /* GB_VK */,
				FB733BC726D3BCC700193017 /* Products */,
			);
			sourceTree = "<group>";
		};
		FB733BC726D3BCC700193017 /* Products */ = {
			isa = PBXGroup;
			children = (
				FB733BC626D3BCC700193017 /* GB_VK.app */,
			);
			name = Products;
			sourceTree = "<group>";
		};
		FB733BC826D3BCC700193017 /* GB_VK */ = {
			isa = PBXGroup;
			children = (
				FB737C642751099A0078EB0C /* Manager */,
				FB6FD111274CF1640044DE40 /* Session */,
				FB44F63E2722DDCB000BB93B /* Model */,
				FB6E5A4626E77D8E001B0FF3 /* Presentation */,
				FB733BDD26D3BDB400193017 /* AppDelegate */,
				FB733BCF26D3BCC700193017 /* Main.storyboard */,
				FB733BE026D3BF8300193017 /* Resource */,
				FB733BDF26D3BE9D00193017 /* Config */,
			);
			path = GB_VK;
			sourceTree = "<group>";
		};
		FB733BDD26D3BDB400193017 /* AppDelegate */ = {
			isa = PBXGroup;
			children = (
				FB733BC926D3BCC700193017 /* AppDelegate.swift */,
				FB733BCB26D3BCC700193017 /* SceneDelegate.swift */,
			);
			path = AppDelegate;
			sourceTree = "<group>";
		};
		FB733BDF26D3BE9D00193017 /* Config */ = {
			isa = PBXGroup;
			children = (
				FB733BD726D3BCC800193017 /* Info.plist */,
			);
			path = Config;
			sourceTree = "<group>";
		};
		FB733BE026D3BF8300193017 /* Resource */ = {
			isa = PBXGroup;
			children = (
				FB733BD226D3BCC800193017 /* Assets.xcassets */,
				FB733BD426D3BCC800193017 /* LaunchScreen.storyboard */,
			);
			path = Resource;
			sourceTree = "<group>";
		};
		FB737C642751099A0078EB0C /* Manager */ = {
			isa = PBXGroup;
			children = (
				FB737C65275109AB0078EB0C /* NetworkManager.swift */,
			);
			path = Manager;
			sourceTree = "<group>";
		};
		FB737C752752859D0078EB0C /* User */ = {
			isa = PBXGroup;
			children = (
				FB737C6727527C630078EB0C /* User.swift */,
				FB737C6927527C9E0078EB0C /* FriendsResponse.swift */,
				FB737C6B27527E3D0078EB0C /* FriendsResponseParent.swift */,
			);
			path = User;
			sourceTree = "<group>";
		};
		FB737C76275285A80078EB0C /* Photo */ = {
			isa = PBXGroup;
			children = (
				FB737C6D275280110078EB0C /* Photo.swift */,
				FB737C6F2752839E0078EB0C /* PhotosResponse.swift */,
				FB737C71275283AE0078EB0C /* PhotosResponseParent.swift */,
				FB737C73275285750078EB0C /* PhotoSize.swift */,
			);
			path = Photo;
			sourceTree = "<group>";
		};
		FB737C77275286920078EB0C /* Group */ = {
			isa = PBXGroup;
			children = (
				FB737C782752869F0078EB0C /* Group.swift */,
				FB737C7A275286BF0078EB0C /* GroupResponse.swift */,
				FB737C7C275286CC0078EB0C /* GroupResponseParent.swift */,
			);
			path = Group;
			sourceTree = "<group>";
		};
		FBA90A59273EC33300FF4F33 /* Gallery */ = {
			isa = PBXGroup;
			children = (
				FB44F631271EDE01000BB93B /* GalleryViewController.swift */,
				FBA90A5B273EC36400FF4F33 /* GalleryHorisontalView.swift */,
				FBA90A5A273EC36300FF4F33 /* GalleryHorisontalView.xib */,
				FBA90A5E273EC6F600FF4F33 /* GalleryViewController+FullScreenView.swift */,
			);
			path = Gallery;
			sourceTree = "<group>";
		};
/* End PBXGroup section */

/* Begin PBXNativeTarget section */
		FB733BC526D3BCC700193017 /* GB_VK */ = {
			isa = PBXNativeTarget;
			buildConfigurationList = FB733BDA26D3BCC800193017 /* Build configuration list for PBXNativeTarget "GB_VK" */;
			buildPhases = (
				FB733BC226D3BCC700193017 /* Sources */,
				FB733BC326D3BCC700193017 /* Frameworks */,
				FB733BC426D3BCC700193017 /* Resources */,
			);
			buildRules = (
			);
			dependencies = (
			);
			name = GB_VK;
			productName = GB_VK;
			productReference = FB733BC626D3BCC700193017 /* GB_VK.app */;
			productType = "com.apple.product-type.application";
		};
/* End PBXNativeTarget section */

/* Begin PBXProject section */
		FB733BBE26D3BCC600193017 /* Project object */ = {
			isa = PBXProject;
			attributes = {
				LastSwiftUpdateCheck = 1250;
				LastUpgradeCheck = 1250;
				TargetAttributes = {
					FB733BC526D3BCC700193017 = {
						CreatedOnToolsVersion = 12.5.1;
					};
				};
			};
			buildConfigurationList = FB733BC126D3BCC600193017 /* Build configuration list for PBXProject "GB_VK" */;
			compatibilityVersion = "Xcode 9.3";
			developmentRegion = en;
			hasScannedForEncodings = 0;
			knownRegions = (
				en,
				Base,
			);
			mainGroup = FB733BBD26D3BCC600193017;
			productRefGroup = FB733BC726D3BCC700193017 /* Products */;
			projectDirPath = "";
			projectRoot = "";
			targets = (
				FB733BC526D3BCC700193017 /* GB_VK */,
			);
		};
/* End PBXProject section */

/* Begin PBXResourcesBuildPhase section */
		FB733BC426D3BCC700193017 /* Resources */ = {
			isa = PBXResourcesBuildPhase;
			buildActionMask = 2147483647;
			files = (
				FB44F6502726D140000BB93B /* GalleryCollectionViewCell.xib in Resources */,
				FB733BD626D3BCC800193017 /* LaunchScreen.storyboard in Resources */,
				FBA90A5C273EC36400FF4F33 /* GalleryHorisontalView.xib in Resources */,
				FB733BD326D3BCC800193017 /* Assets.xcassets in Resources */,
				FB44F6492722DF57000BB93B /* CustomTableViewCell.xib in Resources */,
				FB733BD126D3BCC700193017 /* Main.storyboard in Resources */,
			);
			runOnlyForDeploymentPostprocessing = 0;
		};
/* End PBXResourcesBuildPhase section */

/* Begin PBXSourcesBuildPhase section */
		FB733BC226D3BCC700193017 /* Sources */ = {
			isa = PBXSourcesBuildPhase;
			buildActionMask = 2147483647;
			files = (
				FB6E0A8B272AE0A700691A08 /* FriendsViewController+FillData.swift in Sources */,
				FB44F64F2726D140000BB93B /* GalleryCollectionViewCell.swift in Sources */,
				FB737C6A27527C9E0078EB0C /* FriendsResponse.swift in Sources */,
				FB5E830826F4B27A000DFC8B /* MyGroupsViewController.swift in Sources */,
				FB63FD55274951900061002F /* AnimationOpen.swift in Sources */,
				FB737C74275285750078EB0C /* PhotoSize.swift in Sources */,
				FB737C7D275286CC0078EB0C /* GroupResponseParent.swift in Sources */,
				FBA90A5D273EC36400FF4F33 /* GalleryHorisontalView.swift in Sources */,
				FB6E0A89272AE07700691A08 /* FriendsViewController+TableViewDataSource.swift in Sources */,
				FB44F64C27245AD5000BB93B /* AllGroupsViewController.swift in Sources */,
				FB6E5A4926E77DB9001B0FF3 /* LoginViewController.swift in Sources */,
				FB6E0A87272AE05C00691A08 /* FriendsViewController+TableViewDelegate.swift in Sources */,
				FB733BCA26D3BCC700193017 /* AppDelegate.swift in Sources */,
				FB737C7B275286BF0078EB0C /* GroupResponse.swift in Sources */,
				FB6FD113274CF17A0044DE40 /* Session.swift in Sources */,
				FB737C66275109AB0078EB0C /* NetworkManager.swift in Sources */,
				FB6DC9E326F2081600AAD56D /* FriendsViewController.swift in Sources */,
				FB44F6482722DF57000BB93B /* CustomTableViewCell.swift in Sources */,
				FB6E0A8E272AE38C00691A08 /* FriendsViewController+UISearchBarDelegate.swift in Sources */,
				FB737C6C27527E3D0078EB0C /* FriendsResponseParent.swift in Sources */,
				FBA90A5F273EC6F700FF4F33 /* GalleryViewController+FullScreenView.swift in Sources */,
				FB737C792752869F0078EB0C /* Group.swift in Sources */,
				FB737C702752839E0078EB0C /* PhotosResponse.swift in Sources */,
				FB737C72275283AE0078EB0C /* PhotosResponseParent.swift in Sources */,
				FB737C6E275280110078EB0C /* Photo.swift in Sources */,
				FB733BCC26D3BCC700193017 /* SceneDelegate.swift in Sources */,
				FB44F632271EDE01000BB93B /* GalleryViewController.swift in Sources */,
				FB737C6827527C630078EB0C /* User.swift in Sources */,
			);
			runOnlyForDeploymentPostprocessing = 0;
		};
/* End PBXSourcesBuildPhase section */

/* Begin PBXVariantGroup section */
		FB733BCF26D3BCC700193017 /* Main.storyboard */ = {
			isa = PBXVariantGroup;
			children = (
				FB733BD026D3BCC700193017 /* Base */,
			);
			name = Main.storyboard;
			sourceTree = "<group>";
		};
		FB733BD426D3BCC800193017 /* LaunchScreen.storyboard */ = {
			isa = PBXVariantGroup;
			children = (
				FB733BD526D3BCC800193017 /* Base */,
			);
			name = LaunchScreen.storyboard;
			sourceTree = "<group>";
		};
/* End PBXVariantGroup section */

/* Begin XCBuildConfiguration section */
		FB733BD826D3BCC800193017 /* Debug */ = {
			isa = XCBuildConfiguration;
			buildSettings = {
				ALWAYS_SEARCH_USER_PATHS = NO;
				CLANG_ANALYZER_NONNULL = YES;
				CLANG_ANALYZER_NUMBER_OBJECT_CONVERSION = YES_AGGRESSIVE;
				CLANG_CXX_LANGUAGE_STANDARD = "gnu++14";
				CLANG_CXX_LIBRARY = "libc++";
				CLANG_ENABLE_MODULES = YES;
				CLANG_ENABLE_OBJC_ARC = YES;
				CLANG_ENABLE_OBJC_WEAK = YES;
				CLANG_WARN_BLOCK_CAPTURE_AUTORELEASING = YES;
				CLANG_WARN_BOOL_CONVERSION = YES;
				CLANG_WARN_COMMA = YES;
				CLANG_WARN_CONSTANT_CONVERSION = YES;
				CLANG_WARN_DEPRECATED_OBJC_IMPLEMENTATIONS = YES;
				CLANG_WARN_DIRECT_OBJC_ISA_USAGE = YES_ERROR;
				CLANG_WARN_DOCUMENTATION_COMMENTS = YES;
				CLANG_WARN_EMPTY_BODY = YES;
				CLANG_WARN_ENUM_CONVERSION = YES;
				CLANG_WARN_INFINITE_RECURSION = YES;
				CLANG_WARN_INT_CONVERSION = YES;
				CLANG_WARN_NON_LITERAL_NULL_CONVERSION = YES;
				CLANG_WARN_OBJC_IMPLICIT_RETAIN_SELF = YES;
				CLANG_WARN_OBJC_LITERAL_CONVERSION = YES;
				CLANG_WARN_OBJC_ROOT_CLASS = YES_ERROR;
				CLANG_WARN_QUOTED_INCLUDE_IN_FRAMEWORK_HEADER = YES;
				CLANG_WARN_RANGE_LOOP_ANALYSIS = YES;
				CLANG_WARN_STRICT_PROTOTYPES = YES;
				CLANG_WARN_SUSPICIOUS_MOVE = YES;
				CLANG_WARN_UNGUARDED_AVAILABILITY = YES_AGGRESSIVE;
				CLANG_WARN_UNREACHABLE_CODE = YES;
				CLANG_WARN__DUPLICATE_METHOD_MATCH = YES;
				COPY_PHASE_STRIP = NO;
				DEBUG_INFORMATION_FORMAT = dwarf;
				ENABLE_STRICT_OBJC_MSGSEND = YES;
				ENABLE_TESTABILITY = YES;
				GCC_C_LANGUAGE_STANDARD = gnu11;
				GCC_DYNAMIC_NO_PIC = NO;
				GCC_NO_COMMON_BLOCKS = YES;
				GCC_OPTIMIZATION_LEVEL = 0;
				GCC_PREPROCESSOR_DEFINITIONS = (
					"DEBUG=1",
					"$(inherited)",
				);
				GCC_WARN_64_TO_32_BIT_CONVERSION = YES;
				GCC_WARN_ABOUT_RETURN_TYPE = YES_ERROR;
				GCC_WARN_UNDECLARED_SELECTOR = YES;
				GCC_WARN_UNINITIALIZED_AUTOS = YES_AGGRESSIVE;
				GCC_WARN_UNUSED_FUNCTION = YES;
				GCC_WARN_UNUSED_VARIABLE = YES;
				IPHONEOS_DEPLOYMENT_TARGET = 14.5;
				MTL_ENABLE_DEBUG_INFO = INCLUDE_SOURCE;
				MTL_FAST_MATH = YES;
				ONLY_ACTIVE_ARCH = YES;
				SDKROOT = iphoneos;
				SWIFT_ACTIVE_COMPILATION_CONDITIONS = DEBUG;
				SWIFT_OPTIMIZATION_LEVEL = "-Onone";
			};
			name = Debug;
		};
		FB733BD926D3BCC800193017 /* Release */ = {
			isa = XCBuildConfiguration;
			buildSettings = {
				ALWAYS_SEARCH_USER_PATHS = NO;
				CLANG_ANALYZER_NONNULL = YES;
				CLANG_ANALYZER_NUMBER_OBJECT_CONVERSION = YES_AGGRESSIVE;
				CLANG_CXX_LANGUAGE_STANDARD = "gnu++14";
				CLANG_CXX_LIBRARY = "libc++";
				CLANG_ENABLE_MODULES = YES;
				CLANG_ENABLE_OBJC_ARC = YES;
				CLANG_ENABLE_OBJC_WEAK = YES;
				CLANG_WARN_BLOCK_CAPTURE_AUTORELEASING = YES;
				CLANG_WARN_BOOL_CONVERSION = YES;
				CLANG_WARN_COMMA = YES;
				CLANG_WARN_CONSTANT_CONVERSION = YES;
				CLANG_WARN_DEPRECATED_OBJC_IMPLEMENTATIONS = YES;
				CLANG_WARN_DIRECT_OBJC_ISA_USAGE = YES_ERROR;
				CLANG_WARN_DOCUMENTATION_COMMENTS = YES;
				CLANG_WARN_EMPTY_BODY = YES;
				CLANG_WARN_ENUM_CONVERSION = YES;
				CLANG_WARN_INFINITE_RECURSION = YES;
				CLANG_WARN_INT_CONVERSION = YES;
				CLANG_WARN_NON_LITERAL_NULL_CONVERSION = YES;
				CLANG_WARN_OBJC_IMPLICIT_RETAIN_SELF = YES;
				CLANG_WARN_OBJC_LITERAL_CONVERSION = YES;
				CLANG_WARN_OBJC_ROOT_CLASS = YES_ERROR;
				CLANG_WARN_QUOTED_INCLUDE_IN_FRAMEWORK_HEADER = YES;
				CLANG_WARN_RANGE_LOOP_ANALYSIS = YES;
				CLANG_WARN_STRICT_PROTOTYPES = YES;
				CLANG_WARN_SUSPICIOUS_MOVE = YES;
				CLANG_WARN_UNGUARDED_AVAILABILITY = YES_AGGRESSIVE;
				CLANG_WARN_UNREACHABLE_CODE = YES;
				CLANG_WARN__DUPLICATE_METHOD_MATCH = YES;
				COPY_PHASE_STRIP = NO;
				DEBUG_INFORMATION_FORMAT = "dwarf-with-dsym";
				ENABLE_NS_ASSERTIONS = NO;
				ENABLE_STRICT_OBJC_MSGSEND = YES;
				GCC_C_LANGUAGE_STANDARD = gnu11;
				GCC_NO_COMMON_BLOCKS = YES;
				GCC_WARN_64_TO_32_BIT_CONVERSION = YES;
				GCC_WARN_ABOUT_RETURN_TYPE = YES_ERROR;
				GCC_WARN_UNDECLARED_SELECTOR = YES;
				GCC_WARN_UNINITIALIZED_AUTOS = YES_AGGRESSIVE;
				GCC_WARN_UNUSED_FUNCTION = YES;
				GCC_WARN_UNUSED_VARIABLE = YES;
				IPHONEOS_DEPLOYMENT_TARGET = 14.5;
				MTL_ENABLE_DEBUG_INFO = NO;
				MTL_FAST_MATH = YES;
				SDKROOT = iphoneos;
				SWIFT_COMPILATION_MODE = wholemodule;
				SWIFT_OPTIMIZATION_LEVEL = "-O";
				VALIDATE_PRODUCT = YES;
			};
			name = Release;
		};
		FB733BDB26D3BCC800193017 /* Debug */ = {
			isa = XCBuildConfiguration;
			buildSettings = {
				ASSETCATALOG_COMPILER_APPICON_NAME = AppIcon;
				ASSETCATALOG_COMPILER_GLOBAL_ACCENT_COLOR_NAME = AccentColor;
				CODE_SIGN_STYLE = Automatic;
				DEVELOPMENT_TEAM = 3FD2QR7HTM;
				INFOPLIST_FILE = GB_VK/Config/Info.plist;
				IPHONEOS_DEPLOYMENT_TARGET = 14.3;
				LD_RUNPATH_SEARCH_PATHS = (
					"$(inherited)",
					"@executable_path/Frameworks",
				);
				PRODUCT_BUNDLE_IDENTIFIER = "yerassyl.GB-VK";
				PRODUCT_NAME = "$(TARGET_NAME)";
				SWIFT_VERSION = 5.0;
				TARGETED_DEVICE_FAMILY = "1,2";
			};
			name = Debug;
		};
		FB733BDC26D3BCC800193017 /* Release */ = {
			isa = XCBuildConfiguration;
			buildSettings = {
				ASSETCATALOG_COMPILER_APPICON_NAME = AppIcon;
				ASSETCATALOG_COMPILER_GLOBAL_ACCENT_COLOR_NAME = AccentColor;
				CODE_SIGN_STYLE = Automatic;
				DEVELOPMENT_TEAM = 3FD2QR7HTM;
				INFOPLIST_FILE = GB_VK/Config/Info.plist;
				IPHONEOS_DEPLOYMENT_TARGET = 14.3;
				LD_RUNPATH_SEARCH_PATHS = (
					"$(inherited)",
					"@executable_path/Frameworks",
				);
				PRODUCT_BUNDLE_IDENTIFIER = "yerassyl.GB-VK";
				PRODUCT_NAME = "$(TARGET_NAME)";
				SWIFT_VERSION = 5.0;
				TARGETED_DEVICE_FAMILY = "1,2";
			};
			name = Release;
		};
/* End XCBuildConfiguration section */

/* Begin XCConfigurationList section */
		FB733BC126D3BCC600193017 /* Build configuration list for PBXProject "GB_VK" */ = {
			isa = XCConfigurationList;
			buildConfigurations = (
				FB733BD826D3BCC800193017 /* Debug */,
				FB733BD926D3BCC800193017 /* Release */,
			);
			defaultConfigurationIsVisible = 0;
			defaultConfigurationName = Release;
		};
		FB733BDA26D3BCC800193017 /* Build configuration list for PBXNativeTarget "GB_VK" */ = {
			isa = XCConfigurationList;
			buildConfigurations = (
				FB733BDB26D3BCC800193017 /* Debug */,
				FB733BDC26D3BCC800193017 /* Release */,
			);
			defaultConfigurationIsVisible = 0;
			defaultConfigurationName = Release;
		};
/* End XCConfigurationList section */
	};
	rootObject = FB733BBE26D3BCC600193017 /* Project object */;
}
